// !$*UTF8*$!
{
	archiveVersion = 1;
	classes = {
	};
	objectVersion = 48;
	objects = {

/* Begin PBXBuildFile section */
		BE45589920495A8500909B03 /* TopicsManager.swift in Sources */ = {isa = PBXBuildFile; fileRef = BE45589820495A8500909B03 /* TopicsManager.swift */; };
		BE4558A720495B7200909B03 /* StudisTests.swift in Sources */ = {isa = PBXBuildFile; fileRef = BE4558A620495B7200909B03 /* StudisTests.swift */; };
		BE4558B22049663E00909B03 /* TopicsList.swift in Sources */ = {isa = PBXBuildFile; fileRef = BE4558B12049663E00909B03 /* TopicsList.swift */; };
		BEEDF971204B74F40099AC06 /* Disk.framework in Frameworks */ = {isa = PBXBuildFile; fileRef = BEEDF970204B74F40099AC06 /* Disk.framework */; };
		BEEDF974204B7EDE0099AC06 /* Area.swift in Sources */ = {isa = PBXBuildFile; fileRef = BEEDF973204B7EDE0099AC06 /* Area.swift */; };
		BEEDF976204B81FF0099AC06 /* FileNames.swift in Sources */ = {isa = PBXBuildFile; fileRef = BEEDF975204B81FF0099AC06 /* FileNames.swift */; };
		EE79AEBB2048942E00DC6FDE /* AppDelegate.swift in Sources */ = {isa = PBXBuildFile; fileRef = EE79AEBA2048942E00DC6FDE /* AppDelegate.swift */; };
		EE79AEBD2048942E00DC6FDE /* ViewController.swift in Sources */ = {isa = PBXBuildFile; fileRef = EE79AEBC2048942E00DC6FDE /* ViewController.swift */; };
		EE79AEC02048942E00DC6FDE /* Main.storyboard in Resources */ = {isa = PBXBuildFile; fileRef = EE79AEBE2048942E00DC6FDE /* Main.storyboard */; };
		EE79AEC22048942F00DC6FDE /* Assets.xcassets in Resources */ = {isa = PBXBuildFile; fileRef = EE79AEC12048942F00DC6FDE /* Assets.xcassets */; };
		EE79AEC52048942F00DC6FDE /* LaunchScreen.storyboard in Resources */ = {isa = PBXBuildFile; fileRef = EE79AEC32048942F00DC6FDE /* LaunchScreen.storyboard */; };
		EE79AECD2048946B00DC6FDE /* Topic.swift in Sources */ = {isa = PBXBuildFile; fileRef = EE79AECC2048946B00DC6FDE /* Topic.swift */; };
/* End PBXBuildFile section */

/* Begin PBXContainerItemProxy section */
		BE4558A920495B7200909B03 /* PBXContainerItemProxy */ = {
			isa = PBXContainerItemProxy;
			containerPortal = EE79AEAF2048942E00DC6FDE /* Project object */;
			proxyType = 1;
			remoteGlobalIDString = EE79AEB62048942E00DC6FDE;
			remoteInfo = Studis;
		};
/* End PBXContainerItemProxy section */

/* Begin PBXFileReference section */
		BE45589820495A8500909B03 /* TopicsManager.swift */ = {isa = PBXFileReference; lastKnownFileType = sourcecode.swift; path = TopicsManager.swift; sourceTree = "<group>"; };
		BE4558A420495B7200909B03 /* StudisTests.xctest */ = {isa = PBXFileReference; explicitFileType = wrapper.cfbundle; includeInIndex = 0; path = StudisTests.xctest; sourceTree = BUILT_PRODUCTS_DIR; };
		BE4558A620495B7200909B03 /* StudisTests.swift */ = {isa = PBXFileReference; lastKnownFileType = sourcecode.swift; path = StudisTests.swift; sourceTree = "<group>"; };
		BE4558A820495B7200909B03 /* Info.plist */ = {isa = PBXFileReference; lastKnownFileType = text.plist.xml; path = Info.plist; sourceTree = "<group>"; };
		BE4558B12049663E00909B03 /* TopicsList.swift */ = {isa = PBXFileReference; lastKnownFileType = sourcecode.swift; path = TopicsList.swift; sourceTree = "<group>"; };
		BEEDF970204B74F40099AC06 /* Disk.framework */ = {isa = PBXFileReference; lastKnownFileType = wrapper.framework; name = Disk.framework; path = Carthage/Build/iOS/Disk.framework; sourceTree = "<group>"; };
		BEEDF973204B7EDE0099AC06 /* Area.swift */ = {isa = PBXFileReference; lastKnownFileType = sourcecode.swift; path = Area.swift; sourceTree = "<group>"; };
		BEEDF975204B81FF0099AC06 /* FileNames.swift */ = {isa = PBXFileReference; lastKnownFileType = sourcecode.swift; path = FileNames.swift; sourceTree = "<group>"; };
		EE79AEB72048942E00DC6FDE /* Studis.app */ = {isa = PBXFileReference; explicitFileType = wrapper.application; includeInIndex = 0; path = Studis.app; sourceTree = BUILT_PRODUCTS_DIR; };
		EE79AEBA2048942E00DC6FDE /* AppDelegate.swift */ = {isa = PBXFileReference; lastKnownFileType = sourcecode.swift; path = AppDelegate.swift; sourceTree = "<group>"; };
		EE79AEBC2048942E00DC6FDE /* ViewController.swift */ = {isa = PBXFileReference; lastKnownFileType = sourcecode.swift; path = ViewController.swift; sourceTree = "<group>"; };
		EE79AEBF2048942E00DC6FDE /* Base */ = {isa = PBXFileReference; lastKnownFileType = file.storyboard; name = Base; path = Base.lproj/Main.storyboard; sourceTree = "<group>"; };
		EE79AEC12048942F00DC6FDE /* Assets.xcassets */ = {isa = PBXFileReference; lastKnownFileType = folder.assetcatalog; path = Assets.xcassets; sourceTree = "<group>"; };
		EE79AEC42048942F00DC6FDE /* Base */ = {isa = PBXFileReference; lastKnownFileType = file.storyboard; name = Base; path = Base.lproj/LaunchScreen.storyboard; sourceTree = "<group>"; };
		EE79AEC62048942F00DC6FDE /* Info.plist */ = {isa = PBXFileReference; lastKnownFileType = text.plist.xml; path = Info.plist; sourceTree = "<group>"; };
		EE79AECC2048946B00DC6FDE /* Topic.swift */ = {isa = PBXFileReference; lastKnownFileType = sourcecode.swift; path = Topic.swift; sourceTree = "<group>"; };
/* End PBXFileReference section */

/* Begin PBXFrameworksBuildPhase section */
		BE4558A120495B7200909B03 /* Frameworks */ = {
			isa = PBXFrameworksBuildPhase;
			buildActionMask = 2147483647;
			files = (
			);
			runOnlyForDeploymentPostprocessing = 0;
		};
		EE79AEB42048942E00DC6FDE /* Frameworks */ = {
			isa = PBXFrameworksBuildPhase;
			buildActionMask = 2147483647;
			files = (
				BEEDF971204B74F40099AC06 /* Disk.framework in Frameworks */,
			);
			runOnlyForDeploymentPostprocessing = 0;
		};
/* End PBXFrameworksBuildPhase section */

/* Begin PBXGroup section */
		BE45589A20495A8900909B03 /* Protocols */ = {
			isa = PBXGroup;
			children = (
				BE45589820495A8500909B03 /* TopicsManager.swift */,
			);
			path = Protocols;
			sourceTree = "<group>";
		};
		BE45589B20495A9800909B03 /* View Controllers */ = {
			isa = PBXGroup;
			children = (
				EE79AEBC2048942E00DC6FDE /* ViewController.swift */,
			);
			path = "View Controllers";
			sourceTree = "<group>";
		};
		BE45589C20495AA400909B03 /* Application Delegate */ = {
			isa = PBXGroup;
			children = (
				EE79AEBA2048942E00DC6FDE /* AppDelegate.swift */,
			);
			path = "Application Delegate";
			sourceTree = "<group>";
		};
		BE45589D20495AAE00909B03 /* Storyboard */ = {
			isa = PBXGroup;
			children = (
				EE79AEC32048942F00DC6FDE /* LaunchScreen.storyboard */,
				EE79AEBE2048942E00DC6FDE /* Main.storyboard */,
			);
			path = Storyboard;
			sourceTree = "<group>";
		};
		BE45589E20495ABD00909B03 /* Resources */ = {
			isa = PBXGroup;
			children = (
				EE79AEC12048942F00DC6FDE /* Assets.xcassets */,
			);
			path = Resources;
			sourceTree = "<group>";
		};
		BE45589F20495AF200909B03 /* Supporting Files */ = {
			isa = PBXGroup;
			children = (
				EE79AEC62048942F00DC6FDE /* Info.plist */,
			);
			path = "Supporting Files";
			sourceTree = "<group>";
		};
		BE4558A520495B7200909B03 /* StudisTests */ = {
			isa = PBXGroup;
			children = (
				BE4558A620495B7200909B03 /* StudisTests.swift */,
				BE4558A820495B7200909B03 /* Info.plist */,
			);
			path = StudisTests;
			sourceTree = "<group>";
		};
		BE4558AE2049637A00909B03 /* Topic Managers */ = {
			isa = PBXGroup;
			children = (
				BE4558B12049663E00909B03 /* TopicsList.swift */,
			);
			path = "Topic Managers";
			sourceTree = "<group>";
		};
		BEEDF96F204B74F40099AC06 /* Frameworks */ = {
			isa = PBXGroup;
			children = (
				BEEDF970204B74F40099AC06 /* Disk.framework */,
			);
			name = Frameworks;
			sourceTree = "<group>";
		};
		BEEDF972204B7D480099AC06 /* Persistence */ = {
			isa = PBXGroup;
			children = (
				BEEDF975204B81FF0099AC06 /* FileNames.swift */,
			);
			path = Persistence;
			sourceTree = "<group>";
		};
		EE79AEAE2048942E00DC6FDE = {
			isa = PBXGroup;
			children = (
				EE79AEB92048942E00DC6FDE /* Studis */,
				BE4558A520495B7200909B03 /* StudisTests */,
				EE79AEB82048942E00DC6FDE /* Products */,
				BEEDF96F204B74F40099AC06 /* Frameworks */,
			);
			sourceTree = "<group>";
		};
		EE79AEB82048942E00DC6FDE /* Products */ = {
			isa = PBXGroup;
			children = (
				EE79AEB72048942E00DC6FDE /* Studis.app */,
				BE4558A420495B7200909B03 /* StudisTests.xctest */,
			);
			name = Products;
			sourceTree = "<group>";
		};
		EE79AEB92048942E00DC6FDE /* Studis */ = {
			isa = PBXGroup;
			children = (
				BE45589C20495AA400909B03 /* Application Delegate */,
				EE79AECE2048946F00DC6FDE /* Model */,
				BE45589B20495A9800909B03 /* View Controllers */,
				BE45589D20495AAE00909B03 /* Storyboard */,
				BE45589E20495ABD00909B03 /* Resources */,
				BE45589F20495AF200909B03 /* Supporting Files */,
			);
			path = Studis;
			sourceTree = "<group>";
		};
		EE79AECE2048946F00DC6FDE /* Model */ = {
			isa = PBXGroup;
			children = (
				BEEDF972204B7D480099AC06 /* Persistence */,
				BE45589A20495A8900909B03 /* Protocols */,
				BE4558AE2049637A00909B03 /* Topic Managers */,
				EE79AECC2048946B00DC6FDE /* Topic.swift */,
				BEEDF973204B7EDE0099AC06 /* Area.swift */,
			);
			path = Model;
			sourceTree = "<group>";
		};
/* End PBXGroup section */

/* Begin PBXNativeTarget section */
		BE4558A320495B7200909B03 /* StudisTests */ = {
			isa = PBXNativeTarget;
			buildConfigurationList = BE4558AB20495B7300909B03 /* Build configuration list for PBXNativeTarget "StudisTests" */;
			buildPhases = (
				BE4558A020495B7200909B03 /* Sources */,
				BE4558A120495B7200909B03 /* Frameworks */,
				BE4558A220495B7200909B03 /* Resources */,
			);
			buildRules = (
			);
			dependencies = (
				BE4558AA20495B7200909B03 /* PBXTargetDependency */,
			);
			name = StudisTests;
			productName = StudisTests;
			productReference = BE4558A420495B7200909B03 /* StudisTests.xctest */;
			productType = "com.apple.product-type.bundle.unit-test";
		};
		EE79AEB62048942E00DC6FDE /* Studis */ = {
			isa = PBXNativeTarget;
			buildConfigurationList = EE79AEC92048942F00DC6FDE /* Build configuration list for PBXNativeTarget "Studis" */;
			buildPhases = (
				EE79AEB32048942E00DC6FDE /* Sources */,
				EE79AEB42048942E00DC6FDE /* Frameworks */,
				EE79AEB52048942E00DC6FDE /* Resources */,
				BE4558AF2049650B00909B03 /* ShellScript */,
			);
			buildRules = (
			);
			dependencies = (
			);
			name = Studis;
			productName = Studis;
			productReference = EE79AEB72048942E00DC6FDE /* Studis.app */;
			productType = "com.apple.product-type.application";
		};
/* End PBXNativeTarget section */

/* Begin PBXProject section */
		EE79AEAF2048942E00DC6FDE /* Project object */ = {
			isa = PBXProject;
			attributes = {
				LastSwiftUpdateCheck = 0920;
				LastUpgradeCheck = 0920;
				ORGANIZATIONNAME = "Victor S Melo";
				TargetAttributes = {
					BE4558A320495B7200909B03 = {
						CreatedOnToolsVersion = 9.2;
						ProvisioningStyle = Automatic;
						TestTargetID = EE79AEB62048942E00DC6FDE;
					};
					EE79AEB62048942E00DC6FDE = {
						CreatedOnToolsVersion = 9.2;
						ProvisioningStyle = Automatic;
					};
				};
			};
			buildConfigurationList = EE79AEB22048942E00DC6FDE /* Build configuration list for PBXProject "Studis" */;
			compatibilityVersion = "Xcode 8.0";
			developmentRegion = en;
			hasScannedForEncodings = 0;
			knownRegions = (
				en,
				Base,
			);
			mainGroup = EE79AEAE2048942E00DC6FDE;
			productRefGroup = EE79AEB82048942E00DC6FDE /* Products */;
			projectDirPath = "";
			projectRoot = "";
			targets = (
				EE79AEB62048942E00DC6FDE /* Studis */,
				BE4558A320495B7200909B03 /* StudisTests */,
			);
		};
/* End PBXProject section */

/* Begin PBXResourcesBuildPhase section */
		BE4558A220495B7200909B03 /* Resources */ = {
			isa = PBXResourcesBuildPhase;
			buildActionMask = 2147483647;
			files = (
			);
			runOnlyForDeploymentPostprocessing = 0;
		};
		EE79AEB52048942E00DC6FDE /* Resources */ = {
			isa = PBXResourcesBuildPhase;
			buildActionMask = 2147483647;
			files = (
				EE79AEC52048942F00DC6FDE /* LaunchScreen.storyboard in Resources */,
				EE79AEC22048942F00DC6FDE /* Assets.xcassets in Resources */,
				EE79AEC02048942E00DC6FDE /* Main.storyboard in Resources */,
			);
			runOnlyForDeploymentPostprocessing = 0;
		};
/* End PBXResourcesBuildPhase section */

/* Begin PBXShellScriptBuildPhase section */
		BE4558AF2049650B00909B03 /* ShellScript */ = {
			isa = PBXShellScriptBuildPhase;
			buildActionMask = 2147483647;
			files = (
			);
			inputPaths = (
			);
			outputPaths = (
			);
			runOnlyForDeploymentPostprocessing = 0;
			shellPath = /bin/sh;
			shellScript = "if which swiftlint >/dev/null; then\nswiftlint\nelse\necho \"warning: SwiftLint not installed, download from https://github.com/realm/SwiftLint\"\nfi";
		};
/* End PBXShellScriptBuildPhase section */

/* Begin PBXSourcesBuildPhase section */
		BE4558A020495B7200909B03 /* Sources */ = {
			isa = PBXSourcesBuildPhase;
			buildActionMask = 2147483647;
			files = (
				BE4558A720495B7200909B03 /* StudisTests.swift in Sources */,
			);
			runOnlyForDeploymentPostprocessing = 0;
		};
		EE79AEB32048942E00DC6FDE /* Sources */ = {
			isa = PBXSourcesBuildPhase;
			buildActionMask = 2147483647;
			files = (
				EE79AEBD2048942E00DC6FDE /* ViewController.swift in Sources */,
				EE79AECD2048946B00DC6FDE /* Topic.swift in Sources */,
				BE4558B22049663E00909B03 /* TopicsList.swift in Sources */,
				BE45589920495A8500909B03 /* TopicsManager.swift in Sources */,
				BEEDF974204B7EDE0099AC06 /* Area.swift in Sources */,
				BEEDF976204B81FF0099AC06 /* FileNames.swift in Sources */,
				EE79AEBB2048942E00DC6FDE /* AppDelegate.swift in Sources */,
			);
			runOnlyForDeploymentPostprocessing = 0;
		};
/* End PBXSourcesBuildPhase section */

/* Begin PBXTargetDependency section */
		BE4558AA20495B7200909B03 /* PBXTargetDependency */ = {
			isa = PBXTargetDependency;
			target = EE79AEB62048942E00DC6FDE /* Studis */;
			targetProxy = BE4558A920495B7200909B03 /* PBXContainerItemProxy */;
		};
/* End PBXTargetDependency section */

/* Begin PBXVariantGroup section */
		EE79AEBE2048942E00DC6FDE /* Main.storyboard */ = {
			isa = PBXVariantGroup;
			children = (
				EE79AEBF2048942E00DC6FDE /* Base */,
			);
			name = Main.storyboard;
			sourceTree = "<group>";
		};
		EE79AEC32048942F00DC6FDE /* LaunchScreen.storyboard */ = {
			isa = PBXVariantGroup;
			children = (
				EE79AEC42048942F00DC6FDE /* Base */,
			);
			name = LaunchScreen.storyboard;
			sourceTree = "<group>";
		};
/* End PBXVariantGroup section */

/* Begin XCBuildConfiguration section */
		BE4558AC20495B7300909B03 /* Debug */ = {
			isa = XCBuildConfiguration;
			buildSettings = {
				BUNDLE_LOADER = "$(TEST_HOST)";
				CODE_SIGN_STYLE = Automatic;
				DEVELOPMENT_TEAM = Y93HUJS49V;
				INFOPLIST_FILE = StudisTests/Info.plist;
				LD_RUNPATH_SEARCH_PATHS = "$(inherited) @executable_path/Frameworks @loader_path/Frameworks";
				PRODUCT_BUNDLE_IDENTIFIER = br.com.victormelo.StudisTests;
				PRODUCT_NAME = "$(TARGET_NAME)";
				SWIFT_VERSION = 4.0;
				TARGETED_DEVICE_FAMILY = "1,2";
				TEST_HOST = "$(BUILT_PRODUCTS_DIR)/Studis.app/Studis";
			};
			name = Debug;
		};
		BE4558AD20495B7300909B03 /* Release */ = {
			isa = XCBuildConfiguration;
			buildSettings = {
				BUNDLE_LOADER = "$(TEST_HOST)";
				CODE_SIGN_STYLE = Automatic;
				DEVELOPMENT_TEAM = Y93HUJS49V;
				INFOPLIST_FILE = StudisTests/Info.plist;
				LD_RUNPATH_SEARCH_PATHS = "$(inherited) @executable_path/Frameworks @loader_path/Frameworks";
				PRODUCT_BUNDLE_IDENTIFIER = br.com.victormelo.StudisTests;
				PRODUCT_NAME = "$(TARGET_NAME)";
				SWIFT_VERSION = 4.0;
				TARGETED_DEVICE_FAMILY = "1,2";
				TEST_HOST = "$(BUILT_PRODUCTS_DIR)/Studis.app/Studis";
			};
			name = Release;
		};
		EE79AEC72048942F00DC6FDE /* Debug */ = {
			isa = XCBuildConfiguration;
			buildSettings = {
				ALWAYS_SEARCH_USER_PATHS = NO;
				CLANG_ANALYZER_NONNULL = YES;
				CLANG_ANALYZER_NUMBER_OBJECT_CONVERSION = YES_AGGRESSIVE;
				CLANG_CXX_LANGUAGE_STANDARD = "gnu++14";
				CLANG_CXX_LIBRARY = "libc++";
				CLANG_ENABLE_MODULES = YES;
				CLANG_ENABLE_OBJC_ARC = YES;
				CLANG_WARN_BLOCK_CAPTURE_AUTORELEASING = YES;
				CLANG_WARN_BOOL_CONVERSION = YES;
				CLANG_WARN_COMMA = YES;
				CLANG_WARN_CONSTANT_CONVERSION = YES;
				CLANG_WARN_DIRECT_OBJC_ISA_USAGE = YES_ERROR;
				CLANG_WARN_DOCUMENTATION_COMMENTS = YES;
				CLANG_WARN_EMPTY_BODY = YES;
				CLANG_WARN_ENUM_CONVERSION = YES;
				CLANG_WARN_INFINITE_RECURSION = YES;
				CLANG_WARN_INT_CONVERSION = YES;
				CLANG_WARN_NON_LITERAL_NULL_CONVERSION = YES;
				CLANG_WARN_OBJC_LITERAL_CONVERSION = YES;
				CLANG_WARN_OBJC_ROOT_CLASS = YES_ERROR;
				CLANG_WARN_RANGE_LOOP_ANALYSIS = YES;
				CLANG_WARN_STRICT_PROTOTYPES = YES;
				CLANG_WARN_SUSPICIOUS_MOVE = YES;
				CLANG_WARN_UNGUARDED_AVAILABILITY = YES_AGGRESSIVE;
				CLANG_WARN_UNREACHABLE_CODE = YES;
				CLANG_WARN__DUPLICATE_METHOD_MATCH = YES;
				CODE_SIGN_IDENTITY = "iPhone Developer";
				COPY_PHASE_STRIP = NO;
				DEBUG_INFORMATION_FORMAT = dwarf;
				ENABLE_STRICT_OBJC_MSGSEND = YES;
				ENABLE_TESTABILITY = YES;
				GCC_C_LANGUAGE_STANDARD = gnu11;
				GCC_DYNAMIC_NO_PIC = NO;
				GCC_NO_COMMON_BLOCKS = YES;
				GCC_OPTIMIZATION_LEVEL = 0;
				GCC_PREPROCESSOR_DEFINITIONS = (
					"DEBUG=1",
					"$(inherited)",
				);
				GCC_WARN_64_TO_32_BIT_CONVERSION = YES;
				GCC_WARN_ABOUT_RETURN_TYPE = YES_ERROR;
				GCC_WARN_UNDECLARED_SELECTOR = YES;
				GCC_WARN_UNINITIALIZED_AUTOS = YES_AGGRESSIVE;
				GCC_WARN_UNUSED_FUNCTION = YES;
				GCC_WARN_UNUSED_VARIABLE = YES;
				IPHONEOS_DEPLOYMENT_TARGET = 11.2;
				MTL_ENABLE_DEBUG_INFO = YES;
				ONLY_ACTIVE_ARCH = YES;
				SDKROOT = iphoneos;
				SWIFT_ACTIVE_COMPILATION_CONDITIONS = DEBUG;
				SWIFT_OPTIMIZATION_LEVEL = "-Onone";
			};
			name = Debug;
		};
		EE79AEC82048942F00DC6FDE /* Release */ = {
			isa = XCBuildConfiguration;
			buildSettings = {
				ALWAYS_SEARCH_USER_PATHS = NO;
				CLANG_ANALYZER_NONNULL = YES;
				CLANG_ANALYZER_NUMBER_OBJECT_CONVERSION = YES_AGGRESSIVE;
				CLANG_CXX_LANGUAGE_STANDARD = "gnu++14";
				CLANG_CXX_LIBRARY = "libc++";
				CLANG_ENABLE_MODULES = YES;
				CLANG_ENABLE_OBJC_ARC = YES;
				CLANG_WARN_BLOCK_CAPTURE_AUTORELEASING = YES;
				CLANG_WARN_BOOL_CONVERSION = YES;
				CLANG_WARN_COMMA = YES;
				CLANG_WARN_CONSTANT_CONVERSION = YES;
				CLANG_WARN_DIRECT_OBJC_ISA_USAGE = YES_ERROR;
				CLANG_WARN_DOCUMENTATION_COMMENTS = YES;
				CLANG_WARN_EMPTY_BODY = YES;
				CLANG_WARN_ENUM_CONVERSION = YES;
				CLANG_WARN_INFINITE_RECURSION = YES;
				CLANG_WARN_INT_CONVERSION = YES;
				CLANG_WARN_NON_LITERAL_NULL_CONVERSION = YES;
				CLANG_WARN_OBJC_LITERAL_CONVERSION = YES;
				CLANG_WARN_OBJC_ROOT_CLASS = YES_ERROR;
				CLANG_WARN_RANGE_LOOP_ANALYSIS = YES;
				CLANG_WARN_STRICT_PROTOTYPES = YES;
				CLANG_WARN_SUSPICIOUS_MOVE = YES;
				CLANG_WARN_UNGUARDED_AVAILABILITY = YES_AGGRESSIVE;
				CLANG_WARN_UNREACHABLE_CODE = YES;
				CLANG_WARN__DUPLICATE_METHOD_MATCH = YES;
				CODE_SIGN_IDENTITY = "iPhone Developer";
				COPY_PHASE_STRIP = NO;
				DEBUG_INFORMATION_FORMAT = "dwarf-with-dsym";
				ENABLE_NS_ASSERTIONS = NO;
				ENABLE_STRICT_OBJC_MSGSEND = YES;
				GCC_C_LANGUAGE_STANDARD = gnu11;
				GCC_NO_COMMON_BLOCKS = YES;
				GCC_WARN_64_TO_32_BIT_CONVERSION = YES;
				GCC_WARN_ABOUT_RETURN_TYPE = YES_ERROR;
				GCC_WARN_UNDECLARED_SELECTOR = YES;
				GCC_WARN_UNINITIALIZED_AUTOS = YES_AGGRESSIVE;
				GCC_WARN_UNUSED_FUNCTION = YES;
				GCC_WARN_UNUSED_VARIABLE = YES;
				IPHONEOS_DEPLOYMENT_TARGET = 11.2;
				MTL_ENABLE_DEBUG_INFO = NO;
				SDKROOT = iphoneos;
				SWIFT_OPTIMIZATION_LEVEL = "-Owholemodule";
				VALIDATE_PRODUCT = YES;
			};
			name = Release;
		};
		EE79AECA2048942F00DC6FDE /* Debug */ = {
			isa = XCBuildConfiguration;
			buildSettings = {
				ASSETCATALOG_COMPILER_APPICON_NAME = AppIcon;
				CODE_SIGN_STYLE = Automatic;
				DEVELOPMENT_TEAM = Y93HUJS49V;
				FRAMEWORK_SEARCH_PATHS = (
					"$(inherited)",
					"$(PROJECT_DIR)/Carthage/Build/iOS",
				);
				INFOPLIST_FILE = "Studis/Supporting Files/Info.plist";
				LD_RUNPATH_SEARCH_PATHS = "$(inherited) @executable_path/Frameworks";
				PRODUCT_BUNDLE_IDENTIFIER = br.com.victormelo.Studis;
				PRODUCT_NAME = "$(TARGET_NAME)";
				SWIFT_VERSION = 4.0;
				TARGETED_DEVICE_FAMILY = "1,2";
			};
			name = Debug;
		};
		EE79AECB2048942F00DC6FDE /* Release */ = {
			isa = XCBuildConfiguration;
			buildSettings = {
				ASSETCATALOG_COMPILER_APPICON_NAME = AppIcon;
				CODE_SIGN_STYLE = Automatic;
				DEVELOPMENT_TEAM = Y93HUJS49V;
				FRAMEWORK_SEARCH_PATHS = (
					"$(inherited)",
					"$(PROJECT_DIR)/Carthage/Build/iOS",
				);
				INFOPLIST_FILE = "Studis/Supporting Files/Info.plist";
				LD_RUNPATH_SEARCH_PATHS = "$(inherited) @executable_path/Frameworks";
				PRODUCT_BUNDLE_IDENTIFIER = br.com.victormelo.Studis;
				PRODUCT_NAME = "$(TARGET_NAME)";
				SWIFT_VERSION = 4.0;
				TARGETED_DEVICE_FAMILY = "1,2";
			};
			name = Release;
		};
/* End XCBuildConfiguration section */

/* Begin XCConfigurationList section */
		BE4558AB20495B7300909B03 /* Build configuration list for PBXNativeTarget "StudisTests" */ = {
			isa = XCConfigurationList;
			buildConfigurations = (
				BE4558AC20495B7300909B03 /* Debug */,
				BE4558AD20495B7300909B03 /* Release */,
			);
			defaultConfigurationIsVisible = 0;
			defaultConfigurationName = Release;
		};
		EE79AEB22048942E00DC6FDE /* Build configuration list for PBXProject "Studis" */ = {
			isa = XCConfigurationList;
			buildConfigurations = (
				EE79AEC72048942F00DC6FDE /* Debug */,
				EE79AEC82048942F00DC6FDE /* Release */,
			);
			defaultConfigurationIsVisible = 0;
			defaultConfigurationName = Release;
		};
		EE79AEC92048942F00DC6FDE /* Build configuration list for PBXNativeTarget "Studis" */ = {
			isa = XCConfigurationList;
			buildConfigurations = (
				EE79AECA2048942F00DC6FDE /* Debug */,
				EE79AECB2048942F00DC6FDE /* Release */,
			);
			defaultConfigurationIsVisible = 0;
			defaultConfigurationName = Release;
		};
/* End XCConfigurationList section */
	};
	rootObject = EE79AEAF2048942E00DC6FDE /* Project object */;
}
